// !$*UTF8*$!
{
	archiveVersion = 1;
	classes = {
	};
	objectVersion = 55;
	objects = {

/* Begin PBXBuildFile section */
		3B7787EF27965863005EE814 /* AppDelegate.swift in Sources */ = {isa = PBXBuildFile; fileRef = 3B7787EE27965863005EE814 /* AppDelegate.swift */; };
		3B7787F127965863005EE814 /* SceneDelegate.swift in Sources */ = {isa = PBXBuildFile; fileRef = 3B7787F027965863005EE814 /* SceneDelegate.swift */; };
		3B7787F627965863005EE814 /* Main.storyboard in Resources */ = {isa = PBXBuildFile; fileRef = 3B7787F427965863005EE814 /* Main.storyboard */; };
		3B7787F827965868005EE814 /* Assets.xcassets in Resources */ = {isa = PBXBuildFile; fileRef = 3B7787F727965868005EE814 /* Assets.xcassets */; };
		3B7787FB27965868005EE814 /* LaunchScreen.storyboard in Resources */ = {isa = PBXBuildFile; fileRef = 3B7787F927965868005EE814 /* LaunchScreen.storyboard */; };
		3B77880727966F4F005EE814 /* Entry.swift in Sources */ = {isa = PBXBuildFile; fileRef = 3B77880627966F4F005EE814 /* Entry.swift */; };
		3B77880927966F69005EE814 /* Journal.swift in Sources */ = {isa = PBXBuildFile; fileRef = 3B77880827966F69005EE814 /* Journal.swift */; };
		3B77880B27967096005EE814 /* JournalListViewController.swift in Sources */ = {isa = PBXBuildFile; fileRef = 3B77880A27967096005EE814 /* JournalListViewController.swift */; };
		3B77880D2796712C005EE814 /* EntryListTableViewController.swift in Sources */ = {isa = PBXBuildFile; fileRef = 3B77880C2796712C005EE814 /* EntryListTableViewController.swift */; };
		3B77880F27967174005EE814 /* EntryDetailViewController.swift in Sources */ = {isa = PBXBuildFile; fileRef = 3B77880E27967174005EE814 /* EntryDetailViewController.swift */; };
		3B7788132796720F005EE814 /* EntryController.swift in Sources */ = {isa = PBXBuildFile; fileRef = 3B7788122796720F005EE814 /* EntryController.swift */; };
		3B7788152796723B005EE814 /* JournalController.swift in Sources */ = {isa = PBXBuildFile; fileRef = 3B7788142796723B005EE814 /* JournalController.swift */; };
/* End PBXBuildFile section */

/* Begin PBXFileReference section */
		3B7787EB27965863005EE814 /* MyJournal.app */ = {isa = PBXFileReference; explicitFileType = wrapper.application; includeInIndex = 0; path = MyJournal.app; sourceTree = BUILT_PRODUCTS_DIR; };
		3B7787EE27965863005EE814 /* AppDelegate.swift */ = {isa = PBXFileReference; lastKnownFileType = sourcecode.swift; path = AppDelegate.swift; sourceTree = "<group>"; };
		3B7787F027965863005EE814 /* SceneDelegate.swift */ = {isa = PBXFileReference; lastKnownFileType = sourcecode.swift; path = SceneDelegate.swift; sourceTree = "<group>"; };
		3B7787F527965863005EE814 /* Base */ = {isa = PBXFileReference; lastKnownFileType = file.storyboard; name = Base; path = Base.lproj/Main.storyboard; sourceTree = "<group>"; };
		3B7787F727965868005EE814 /* Assets.xcassets */ = {isa = PBXFileReference; lastKnownFileType = folder.assetcatalog; path = Assets.xcassets; sourceTree = "<group>"; };
		3B7787FA27965868005EE814 /* Base */ = {isa = PBXFileReference; lastKnownFileType = file.storyboard; name = Base; path = Base.lproj/LaunchScreen.storyboard; sourceTree = "<group>"; };
		3B7787FC27965868005EE814 /* Info.plist */ = {isa = PBXFileReference; lastKnownFileType = text.plist.xml; path = Info.plist; sourceTree = "<group>"; };
		3B77880627966F4F005EE814 /* Entry.swift */ = {isa = PBXFileReference; lastKnownFileType = sourcecode.swift; path = Entry.swift; sourceTree = "<group>"; };
		3B77880827966F69005EE814 /* Journal.swift */ = {isa = PBXFileReference; lastKnownFileType = sourcecode.swift; path = Journal.swift; sourceTree = "<group>"; };
		3B77880A27967096005EE814 /* JournalListViewController.swift */ = {isa = PBXFileReference; lastKnownFileType = sourcecode.swift; path = JournalListViewController.swift; sourceTree = "<group>"; };
		3B77880C2796712C005EE814 /* EntryListTableViewController.swift */ = {isa = PBXFileReference; lastKnownFileType = sourcecode.swift; path = EntryListTableViewController.swift; sourceTree = "<group>"; };
		3B77880E27967174005EE814 /* EntryDetailViewController.swift */ = {isa = PBXFileReference; lastKnownFileType = sourcecode.swift; path = EntryDetailViewController.swift; sourceTree = "<group>"; };
		3B7788122796720F005EE814 /* EntryController.swift */ = {isa = PBXFileReference; lastKnownFileType = sourcecode.swift; path = EntryController.swift; sourceTree = "<group>"; };
		3B7788142796723B005EE814 /* JournalController.swift */ = {isa = PBXFileReference; lastKnownFileType = sourcecode.swift; path = JournalController.swift; sourceTree = "<group>"; };
/* End PBXFileReference section */

/* Begin PBXFrameworksBuildPhase section */
		3B7787E827965863005EE814 /* Frameworks */ = {
			isa = PBXFrameworksBuildPhase;
			buildActionMask = 2147483647;
			files = (
			);
			runOnlyForDeploymentPostprocessing = 0;
		};
/* End PBXFrameworksBuildPhase section */

/* Begin PBXGroup section */
		3B7787E227965862005EE814 = {
			isa = PBXGroup;
			children = (
				3B7787ED27965863005EE814 /* MyJournal */,
				3B7787EC27965863005EE814 /* Products */,
			);
			sourceTree = "<group>";
		};
		3B7787EC27965863005EE814 /* Products */ = {
			isa = PBXGroup;
			children = (
				3B7787EB27965863005EE814 /* MyJournal.app */,
			);
			name = Products;
			sourceTree = "<group>";
		};
		3B7787ED27965863005EE814 /* MyJournal */ = {
			isa = PBXGroup;
			children = (
				3B778805279658EE005EE814 /* Model */,
				3B778804279658E2005EE814 /* Controller */,
				3B778803279658CD005EE814 /* Storyboards */,
				3B77880227965881005EE814 /* Resources */,
			);
			path = MyJournal;
			sourceTree = "<group>";
		};
		3B77880227965881005EE814 /* Resources */ = {
			isa = PBXGroup;
			children = (
				3B7787EE27965863005EE814 /* AppDelegate.swift */,
				3B7787F027965863005EE814 /* SceneDelegate.swift */,
				3B7787F727965868005EE814 /* Assets.xcassets */,
				3B7787FC27965868005EE814 /* Info.plist */,
			);
			path = Resources;
			sourceTree = "<group>";
		};
		3B778803279658CD005EE814 /* Storyboards */ = {
			isa = PBXGroup;
			children = (
				3B7787F427965863005EE814 /* Main.storyboard */,
				3B7787F927965868005EE814 /* LaunchScreen.storyboard */,
			);
			path = Storyboards;
			sourceTree = "<group>";
		};
		3B778804279658E2005EE814 /* Controller */ = {
			isa = PBXGroup;
			children = (
				3B778811279671E1005EE814 /* Model Controller */,
				3B778810279671C8005EE814 /* View Controller */,
			);
			path = Controller;
			sourceTree = "<group>";
		};
		3B778805279658EE005EE814 /* Model */ = {
			isa = PBXGroup;
			children = (
				3B77880627966F4F005EE814 /* Entry.swift */,
				3B77880827966F69005EE814 /* Journal.swift */,
			);
			path = Model;
			sourceTree = "<group>";
		};
		3B778810279671C8005EE814 /* View Controller */ = {
			isa = PBXGroup;
			children = (
				3B77880A27967096005EE814 /* JournalListViewController.swift */,
				3B77880C2796712C005EE814 /* EntryListTableViewController.swift */,
				3B77880E27967174005EE814 /* EntryDetailViewController.swift */,
			);
			path = "View Controller";
			sourceTree = "<group>";
		};
		3B778811279671E1005EE814 /* Model Controller */ = {
			isa = PBXGroup;
			children = (
				3B7788122796720F005EE814 /* EntryController.swift */,
				3B7788142796723B005EE814 /* JournalController.swift */,
			);
			path = "Model Controller";
			sourceTree = "<group>";
		};
/* End PBXGroup section */

/* Begin PBXNativeTarget section */
		3B7787EA27965863005EE814 /* MyJournal */ = {
			isa = PBXNativeTarget;
			buildConfigurationList = 3B7787FF27965868005EE814 /* Build configuration list for PBXNativeTarget "MyJournal" */;
			buildPhases = (
				3B7787E727965863005EE814 /* Sources */,
				3B7787E827965863005EE814 /* Frameworks */,
				3B7787E927965863005EE814 /* Resources */,
			);
			buildRules = (
			);
			dependencies = (
			);
			name = MyJournal;
			productName = MyJurnal;
			productReference = 3B7787EB27965863005EE814 /* MyJournal.app */;
			productType = "com.apple.product-type.application";
		};
/* End PBXNativeTarget section */

/* Begin PBXProject section */
		3B7787E327965862005EE814 /* Project object */ = {
			isa = PBXProject;
			attributes = {
				BuildIndependentTargetsInParallel = 1;
				LastSwiftUpdateCheck = 1320;
				LastUpgradeCheck = 1320;
				TargetAttributes = {
					3B7787EA27965863005EE814 = {
						CreatedOnToolsVersion = 13.2.1;
					};
				};
			};
			buildConfigurationList = 3B7787E627965862005EE814 /* Build configuration list for PBXProject "MyJournal" */;
			compatibilityVersion = "Xcode 13.0";
			developmentRegion = en;
			hasScannedForEncodings = 0;
			knownRegions = (
				en,
				Base,
			);
			mainGroup = 3B7787E227965862005EE814;
			productRefGroup = 3B7787EC27965863005EE814 /* Products */;
			projectDirPath = "";
			projectRoot = "";
			targets = (
				3B7787EA27965863005EE814 /* MyJournal */,
			);
		};
/* End PBXProject section */

/* Begin PBXResourcesBuildPhase section */
		3B7787E927965863005EE814 /* Resources */ = {
			isa = PBXResourcesBuildPhase;
			buildActionMask = 2147483647;
			files = (
				3B7787FB27965868005EE814 /* LaunchScreen.storyboard in Resources */,
				3B7787F827965868005EE814 /* Assets.xcassets in Resources */,
				3B7787F627965863005EE814 /* Main.storyboard in Resources */,
			);
			runOnlyForDeploymentPostprocessing = 0;
		};
/* End PBXResourcesBuildPhase section */

/* Begin PBXSourcesBuildPhase section */
		3B7787E727965863005EE814 /* Sources */ = {
			isa = PBXSourcesBuildPhase;
			buildActionMask = 2147483647;
			files = (
				3B77880727966F4F005EE814 /* Entry.swift in Sources */,
				3B77880B27967096005EE814 /* JournalListViewController.swift in Sources */,
				3B77880D2796712C005EE814 /* EntryListTableViewController.swift in Sources */,
				3B7787EF27965863005EE814 /* AppDelegate.swift in Sources */,
				3B7788152796723B005EE814 /* JournalController.swift in Sources */,
				3B7787F127965863005EE814 /* SceneDelegate.swift in Sources */,
				3B77880F27967174005EE814 /* EntryDetailViewController.swift in Sources */,
				3B7788132796720F005EE814 /* EntryController.swift in Sources */,
				3B77880927966F69005EE814 /* Journal.swift in Sources */,
			);
			runOnlyForDeploymentPostprocessing = 0;
		};
/* End PBXSourcesBuildPhase section */

/* Begin PBXVariantGroup section */
		3B7787F427965863005EE814 /* Main.storyboard */ = {
			isa = PBXVariantGroup;
			children = (
				3B7787F527965863005EE814 /* Base */,
			);
			name = Main.storyboard;
			sourceTree = "<group>";
		};
		3B7787F927965868005EE814 /* LaunchScreen.storyboard */ = {
			isa = PBXVariantGroup;
			children = (
				3B7787FA27965868005EE814 /* Base */,
			);
			name = LaunchScreen.storyboard;
			sourceTree = "<group>";
		};
/* End PBXVariantGroup section */

/* Begin XCBuildConfiguration section */
		3B7787FD27965868005EE814 /* Debug */ = {
			isa = XCBuildConfiguration;
			buildSettings = {
				ALWAYS_SEARCH_USER_PATHS = NO;
				CLANG_ANALYZER_NONNULL = YES;
				CLANG_ANALYZER_NUMBER_OBJECT_CONVERSION = YES_AGGRESSIVE;
				CLANG_CXX_LANGUAGE_STANDARD = "gnu++17";
				CLANG_CXX_LIBRARY = "libc++";
				CLANG_ENABLE_MODULES = YES;
				CLANG_ENABLE_OBJC_ARC = YES;
				CLANG_ENABLE_OBJC_WEAK = YES;
				CLANG_WARN_BLOCK_CAPTURE_AUTORELEASING = YES;
				CLANG_WARN_BOOL_CONVERSION = YES;
				CLANG_WARN_COMMA = YES;
				CLANG_WARN_CONSTANT_CONVERSION = YES;
				CLANG_WARN_DEPRECATED_OBJC_IMPLEMENTATIONS = YES;
				CLANG_WARN_DIRECT_OBJC_ISA_USAGE = YES_ERROR;
				CLANG_WARN_DOCUMENTATION_COMMENTS = YES;
				CLANG_WARN_EMPTY_BODY = YES;
				CLANG_WARN_ENUM_CONVERSION = YES;
				CLANG_WARN_INFINITE_RECURSION = YES;
				CLANG_WARN_INT_CONVERSION = YES;
				CLANG_WARN_NON_LITERAL_NULL_CONVERSION = YES;
				CLANG_WARN_OBJC_IMPLICIT_RETAIN_SELF = YES;
				CLANG_WARN_OBJC_LITERAL_CONVERSION = YES;
				CLANG_WARN_OBJC_ROOT_CLASS = YES_ERROR;
				CLANG_WARN_QUOTED_INCLUDE_IN_FRAMEWORK_HEADER = YES;
				CLANG_WARN_RANGE_LOOP_ANALYSIS = YES;
				CLANG_WARN_STRICT_PROTOTYPES = YES;
				CLANG_WARN_SUSPICIOUS_MOVE = YES;
				CLANG_WARN_UNGUARDED_AVAILABILITY = YES_AGGRESSIVE;
				CLANG_WARN_UNREACHABLE_CODE = YES;
				CLANG_WARN__DUPLICATE_METHOD_MATCH = YES;
				COPY_PHASE_STRIP = NO;
				DEBUG_INFORMATION_FORMAT = dwarf;
				ENABLE_STRICT_OBJC_MSGSEND = YES;
				ENABLE_TESTABILITY = YES;
				GCC_C_LANGUAGE_STANDARD = gnu11;
				GCC_DYNAMIC_NO_PIC = NO;
				GCC_NO_COMMON_BLOCKS = YES;
				GCC_OPTIMIZATION_LEVEL = 0;
				GCC_PREPROCESSOR_DEFINITIONS = (
					"DEBUG=1",
					"$(inherited)",
				);
				GCC_WARN_64_TO_32_BIT_CONVERSION = YES;
				GCC_WARN_ABOUT_RETURN_TYPE = YES_ERROR;
				GCC_WARN_UNDECLARED_SELECTOR = YES;
				GCC_WARN_UNINITIALIZED_AUTOS = YES_AGGRESSIVE;
				GCC_WARN_UNUSED_FUNCTION = YES;
				GCC_WARN_UNUSED_VARIABLE = YES;
				IPHONEOS_DEPLOYMENT_TARGET = 15.2;
				MTL_ENABLE_DEBUG_INFO = INCLUDE_SOURCE;
				MTL_FAST_MATH = YES;
				ONLY_ACTIVE_ARCH = YES;
				SDKROOT = iphoneos;
				SWIFT_ACTIVE_COMPILATION_CONDITIONS = DEBUG;
				SWIFT_OPTIMIZATION_LEVEL = "-Onone";
			};
			name = Debug;
		};
		3B7787FE27965868005EE814 /* Release */ = {
			isa = XCBuildConfiguration;
			buildSettings = {
				ALWAYS_SEARCH_USER_PATHS = NO;
				CLANG_ANALYZER_NONNULL = YES;
				CLANG_ANALYZER_NUMBER_OBJECT_CONVERSION = YES_AGGRESSIVE;
				CLANG_CXX_LANGUAGE_STANDARD = "gnu++17";
				CLANG_CXX_LIBRARY = "libc++";
				CLANG_ENABLE_MODULES = YES;
				CLANG_ENABLE_OBJC_ARC = YES;
				CLANG_ENABLE_OBJC_WEAK = YES;
				CLANG_WARN_BLOCK_CAPTURE_AUTORELEASING = YES;
				CLANG_WARN_BOOL_CONVERSION = YES;
				CLANG_WARN_COMMA = YES;
				CLANG_WARN_CONSTANT_CONVERSION = YES;
				CLANG_WARN_DEPRECATED_OBJC_IMPLEMENTATIONS = YES;
				CLANG_WARN_DIRECT_OBJC_ISA_USAGE = YES_ERROR;
				CLANG_WARN_DOCUMENTATION_COMMENTS = YES;
				CLANG_WARN_EMPTY_BODY = YES;
				CLANG_WARN_ENUM_CONVERSION = YES;
				CLANG_WARN_INFINITE_RECURSION = YES;
				CLANG_WARN_INT_CONVERSION = YES;
				CLANG_WARN_NON_LITERAL_NULL_CONVERSION = YES;
				CLANG_WARN_OBJC_IMPLICIT_RETAIN_SELF = YES;
				CLANG_WARN_OBJC_LITERAL_CONVERSION = YES;
				CLANG_WARN_OBJC_ROOT_CLASS = YES_ERROR;
				CLANG_WARN_QUOTED_INCLUDE_IN_FRAMEWORK_HEADER = YES;
				CLANG_WARN_RANGE_LOOP_ANALYSIS = YES;
				CLANG_WARN_STRICT_PROTOTYPES = YES;
				CLANG_WARN_SUSPICIOUS_MOVE = YES;
				CLANG_WARN_UNGUARDED_AVAILABILITY = YES_AGGRESSIVE;
				CLANG_WARN_UNREACHABLE_CODE = YES;
				CLANG_WARN__DUPLICATE_METHOD_MATCH = YES;
				COPY_PHASE_STRIP = NO;
				DEBUG_INFORMATION_FORMAT = "dwarf-with-dsym";
				ENABLE_NS_ASSERTIONS = NO;
				ENABLE_STRICT_OBJC_MSGSEND = YES;
				GCC_C_LANGUAGE_STANDARD = gnu11;
				GCC_NO_COMMON_BLOCKS = YES;
				GCC_WARN_64_TO_32_BIT_CONVERSION = YES;
				GCC_WARN_ABOUT_RETURN_TYPE = YES_ERROR;
				GCC_WARN_UNDECLARED_SELECTOR = YES;
				GCC_WARN_UNINITIALIZED_AUTOS = YES_AGGRESSIVE;
				GCC_WARN_UNUSED_FUNCTION = YES;
				GCC_WARN_UNUSED_VARIABLE = YES;
				IPHONEOS_DEPLOYMENT_TARGET = 15.2;
				MTL_ENABLE_DEBUG_INFO = NO;
				MTL_FAST_MATH = YES;
				SDKROOT = iphoneos;
				SWIFT_COMPILATION_MODE = wholemodule;
				SWIFT_OPTIMIZATION_LEVEL = "-O";
				VALIDATE_PRODUCT = YES;
			};
			name = Release;
		};
		3B77880027965868005EE814 /* Debug */ = {
			isa = XCBuildConfiguration;
			buildSettings = {
				ASSETCATALOG_COMPILER_APPICON_NAME = AppIcon;
				ASSETCATALOG_COMPILER_GLOBAL_ACCENT_COLOR_NAME = AccentColor;
				CODE_SIGN_STYLE = Automatic;
				CURRENT_PROJECT_VERSION = 1;
				DEVELOPMENT_TEAM = G3VP62JDQQ;
				GENERATE_INFOPLIST_FILE = YES;
				INFOPLIST_FILE = MyJournal/Resources/Info.plist;
				INFOPLIST_KEY_UIApplicationSupportsIndirectInputEvents = YES;
				INFOPLIST_KEY_UILaunchStoryboardName = LaunchScreen;
				INFOPLIST_KEY_UIMainStoryboardFile = Main;
				INFOPLIST_KEY_UISupportedInterfaceOrientations_iPad = "UIInterfaceOrientationPortrait UIInterfaceOrientationPortraitUpsideDown UIInterfaceOrientationLandscapeLeft UIInterfaceOrientationLandscapeRight";
				INFOPLIST_KEY_UISupportedInterfaceOrientations_iPhone = "UIInterfaceOrientationPortrait UIInterfaceOrientationLandscapeLeft UIInterfaceOrientationLandscapeRight";
				LD_RUNPATH_SEARCH_PATHS = (
					"$(inherited)",
					"@executable_path/Frameworks",
				);
				MARKETING_VERSION = 1.0;
				PRODUCT_BUNDLE_IDENTIFIER = "com.mitya-kim.MyJournal";
				PRODUCT_NAME = "$(TARGET_NAME)";
				SWIFT_EMIT_LOC_STRINGS = YES;
				SWIFT_VERSION = 5.0;
				TARGETED_DEVICE_FAMILY = "1,2";
			};
			name = Debug;
		};
		3B77880127965868005EE814 /* Release */ = {
			isa = XCBuildConfiguration;
			buildSettings = {
				ASSETCATALOG_COMPILER_APPICON_NAME = AppIcon;
				ASSETCATALOG_COMPILER_GLOBAL_ACCENT_COLOR_NAME = AccentColor;
				CODE_SIGN_STYLE = Automatic;
				CURRENT_PROJECT_VERSION = 1;
				DEVELOPMENT_TEAM = G3VP62JDQQ;
				GENERATE_INFOPLIST_FILE = YES;
				INFOPLIST_FILE = MyJournal/Resources/Info.plist;
				INFOPLIST_KEY_UIApplicationSupportsIndirectInputEvents = YES;
				INFOPLIST_KEY_UILaunchStoryboardName = LaunchScreen;
				INFOPLIST_KEY_UIMainStoryboardFile = Main;
				INFOPLIST_KEY_UISupportedInterfaceOrientations_iPad = "UIInterfaceOrientationPortrait UIInterfaceOrientationPortraitUpsideDown UIInterfaceOrientationLandscapeLeft UIInterfaceOrientationLandscapeRight";
				INFOPLIST_KEY_UISupportedInterfaceOrientations_iPhone = "UIInterfaceOrientationPortrait UIInterfaceOrientationLandscapeLeft UIInterfaceOrientationLandscapeRight";
				LD_RUNPATH_SEARCH_PATHS = (
					"$(inherited)",
					"@executable_path/Frameworks",
				);
				MARKETING_VERSION = 1.0;
				PRODUCT_BUNDLE_IDENTIFIER = "com.mitya-kim.MyJournal";
				PRODUCT_NAME = "$(TARGET_NAME)";
				SWIFT_EMIT_LOC_STRINGS = YES;
				SWIFT_VERSION = 5.0;
				TARGETED_DEVICE_FAMILY = "1,2";
			};
			name = Release;
		};
/* End XCBuildConfiguration section */

/* Begin XCConfigurationList section */
		3B7787E627965862005EE814 /* Build configuration list for PBXProject "MyJournal" */ = {
			isa = XCConfigurationList;
			buildConfigurations = (
				3B7787FD27965868005EE814 /* Debug */,
				3B7787FE27965868005EE814 /* Release */,
			);
			defaultConfigurationIsVisible = 0;
			defaultConfigurationName = Release;
		};
		3B7787FF27965868005EE814 /* Build configuration list for PBXNativeTarget "MyJournal" */ = {
			isa = XCConfigurationList;
			buildConfigurations = (
				3B77880027965868005EE814 /* Debug */,
				3B77880127965868005EE814 /* Release */,
			);
			defaultConfigurationIsVisible = 0;
			defaultConfigurationName = Release;
		};
/* End XCConfigurationList section */
	};
	rootObject = 3B7787E327965862005EE814 /* Project object */;
}
